
Microsoft Visual Studio Solution File, Format Version 12.00
Project("{2150E333-8FDC-42A3-9474-1A3956D46DE8}") = "src", "src", "{4558F472-AB5E-44F8-83AD-4F39794F756B}"
EndProject
Project("{FAE04EC0-301F-11D3-BF4B-00C04F79EFBC}") = "PatternsNotebook", "src\PatternsNotebook\PatternsNotebook.csproj", "{7F950167-A630-40AD-95A1-952BF7EAD194}"
EndProject
Global
	GlobalSection(SolutionConfigurationPlatforms) = preSolution
		Debug|Any CPU = Debug|Any CPU
		Release|Any CPU = Release|Any CPU
	EndGlobalSection
	GlobalSection(ProjectConfigurationPlatforms) = postSolution
		{7F950167-A630-40AD-95A1-952BF7EAD194}.Debug|Any CPU.ActiveCfg = Debug|Any CPU
		{7F950167-A630-40AD-95A1-952BF7EAD194}.Debug|Any CPU.Build.0 = Debug|Any CPU
		{7F950167-A630-40AD-95A1-952BF7EAD194}.Release|Any CPU.ActiveCfg = Release|Any CPU
		{7F950167-A630-40AD-95A1-952BF7EAD194}.Release|Any CPU.Build.0 = Release|Any CPU
	EndGlobalSection
	GlobalSection(NestedProjects) = preSolution
		{7F950167-A630-40AD-95A1-952BF7EAD194} = {4558F472-AB5E-44F8-83AD-4F39794F756B}
	EndGlobalSection
EndGlobal
